
Microsoft Visual Studio Solution File, Format Version 12.00
# Visual Studio Version 17
VisualStudioVersion = 17.2.32526.322
MinimumVisualStudioVersion = 10.0.40219.1
Project("{FAE04EC0-301F-11D3-BF4B-00C04F79EFBC}") = "Sobuj", "Sobuj.csproj", "{CC3C6BB5-AE5A-4B15-89CE-5F552D058A02}"
EndProject
Global
	GlobalSection(SolutionConfigurationPlatforms) = preSolution
		Debug|Any CPU = Debug|Any CPU
		Release|Any CPU = Release|Any CPU
	EndGlobalSection
	GlobalSection(ProjectConfigurationPlatforms) = postSolution
		{CC3C6BB5-AE5A-4B15-89CE-5F552D058A02}.Debug|Any CPU.ActiveCfg = Debug|Any CPU
		{CC3C6BB5-AE5A-4B15-89CE-5F552D058A02}.Debug|Any CPU.Build.0 = Debug|Any CPU
		{CC3C6BB5-AE5A-4B15-89CE-5F552D058A02}.Release|Any CPU.ActiveCfg = Release|Any CPU
		{CC3C6BB5-AE5A-4B15-89CE-5F552D058A02}.Release|Any CPU.Build.0 = Release|Any CPU
	EndGlobalSection
	GlobalSection(SolutionProperties) = preSolution
		HideSolutionNode = FALSE
	EndGlobalSection
	GlobalSection(ExtensibilityGlobals) = postSolution
		SolutionGuid = {58B492D6-9202-45A3-B446-F9ABE00688A9}
	EndGlobalSection
EndGlobal
